
Microsoft Visual Studio Solution File, Format Version 12.00
# Visual Studio 15
VisualStudioVersion = 15.0.28010.2019
MinimumVisualStudioVersion = 10.0.40219.1
Project("{8BC9CEB8-8B4A-11D0-8D11-00A0C91BC942}") = "C++-程序设计-实习二", "C++-程序设计-实习二\C++-程序设计-实习二.vcxproj", "{BA996BFD-5E6A-444E-9786-6C643853CD84}"
EndProject
Global
	GlobalSection(SolutionConfigurationPlatforms) = preSolution
		Debug|x64 = Debug|x64
		Debug|x86 = Debug|x86
		Release|x64 = Release|x64
		Release|x86 = Release|x86
	EndGlobalSection
	GlobalSection(ProjectConfigurationPlatforms) = postSolution
		{BA996BFD-5E6A-444E-9786-6C643853CD84}.Debug|x64.ActiveCfg = Debug|x64
		{BA996BFD-5E6A-444E-9786-6C643853CD84}.Debug|x64.Build.0 = Debug|x64
		{BA996BFD-5E6A-444E-9786-6C643853CD84}.Debug|x86.ActiveCfg = Debug|Win32
		{BA996BFD-5E6A-444E-9786-6C643853CD84}.Debug|x86.Build.0 = Debug|Win32
		{BA996BFD-5E6A-444E-9786-6C643853CD84}.Release|x64.ActiveCfg = Release|x64
		{BA996BFD-5E6A-444E-9786-6C643853CD84}.Release|x64.Build.0 = Release|x64
		{BA996BFD-5E6A-444E-9786-6C643853CD84}.Release|x86.ActiveCfg = Release|Win32
		{BA996BFD-5E6A-444E-9786-6C643853CD84}.Release|x86.Build.0 = Release|Win32
	EndGlobalSection
	GlobalSection(SolutionProperties) = preSolution
		HideSolutionNode = FALSE
	EndGlobalSection
	GlobalSection(ExtensibilityGlobals) = postSolution
		SolutionGuid = {C6766FCF-9A11-4C76-A314-83E2CD370A3A}
	EndGlobalSection
EndGlobal
