
Microsoft Visual Studio Solution File, Format Version 12.00
# Visual Studio 15
VisualStudioVersion = 15.0.28010.2019
MinimumVisualStudioVersion = 10.0.40219.1
Project("{8BC9CEB8-8B4A-11D0-8D11-00A0C91BC942}") = "算法设计-动态规划-LCS最长子序列", "算法设计-动态规划-LCS最长子序列\算法设计-动态规划-LCS最长子序列.vcxproj", "{B44F7687-CBFD-4DA5-9EBE-C80630AF9BFA}"
EndProject
Global
	GlobalSection(SolutionConfigurationPlatforms) = preSolution
		Debug|x64 = Debug|x64
		Debug|x86 = Debug|x86
		Release|x64 = Release|x64
		Release|x86 = Release|x86
	EndGlobalSection
	GlobalSection(ProjectConfigurationPlatforms) = postSolution
		{B44F7687-CBFD-4DA5-9EBE-C80630AF9BFA}.Debug|x64.ActiveCfg = Debug|x64
		{B44F7687-CBFD-4DA5-9EBE-C80630AF9BFA}.Debug|x64.Build.0 = Debug|x64
		{B44F7687-CBFD-4DA5-9EBE-C80630AF9BFA}.Debug|x86.ActiveCfg = Debug|Win32
		{B44F7687-CBFD-4DA5-9EBE-C80630AF9BFA}.Debug|x86.Build.0 = Debug|Win32
		{B44F7687-CBFD-4DA5-9EBE-C80630AF9BFA}.Release|x64.ActiveCfg = Release|x64
		{B44F7687-CBFD-4DA5-9EBE-C80630AF9BFA}.Release|x64.Build.0 = Release|x64
		{B44F7687-CBFD-4DA5-9EBE-C80630AF9BFA}.Release|x86.ActiveCfg = Release|Win32
		{B44F7687-CBFD-4DA5-9EBE-C80630AF9BFA}.Release|x86.Build.0 = Release|Win32
	EndGlobalSection
	GlobalSection(SolutionProperties) = preSolution
		HideSolutionNode = FALSE
	EndGlobalSection
	GlobalSection(ExtensibilityGlobals) = postSolution
		SolutionGuid = {E3F1E63F-D424-4E28-A510-31AF7358C9C0}
	EndGlobalSection
EndGlobal
